
Microsoft Visual Studio Solution File, Format Version 12.00
# Visual Studio Version 16
VisualStudioVersion = 16.0.31515.178
MinimumVisualStudioVersion = 10.0.40219.1
Project("{FAE04EC0-301F-11D3-BF4B-00C04F79EFBC}") = "FinalStatusAPI", "FinalStatusAPI.csproj", "{4DB0A619-39F7-4FC8-B621-68BE5D275E09}"
EndProject
Global
	GlobalSection(SolutionConfigurationPlatforms) = preSolution
		Debug|Any CPU = Debug|Any CPU
		Release|Any CPU = Release|Any CPU
	EndGlobalSection
	GlobalSection(ProjectConfigurationPlatforms) = postSolution
		{4DB0A619-39F7-4FC8-B621-68BE5D275E09}.Debug|Any CPU.ActiveCfg = Debug|Any CPU
		{4DB0A619-39F7-4FC8-B621-68BE5D275E09}.Debug|Any CPU.Build.0 = Debug|Any CPU
		{4DB0A619-39F7-4FC8-B621-68BE5D275E09}.Release|Any CPU.ActiveCfg = Release|Any CPU
		{4DB0A619-39F7-4FC8-B621-68BE5D275E09}.Release|Any CPU.Build.0 = Release|Any CPU
	EndGlobalSection
	GlobalSection(SolutionProperties) = preSolution
		HideSolutionNode = FALSE
	EndGlobalSection
	GlobalSection(ExtensibilityGlobals) = postSolution
		SolutionGuid = {E71BADD6-D5A6-42E3-87FC-67777B393828}
	EndGlobalSection
EndGlobal
